// !$*UTF8*$!
{
	archiveVersion = 1;
	classes = {
	};
	objectVersion = 46;
	objects = {

/* Begin PBXBuildFile section */
		98668AA41E2B38360032278C /* AppDelegate.swift in Sources */ = {isa = PBXBuildFile; fileRef = 98668AA31E2B38360032278C /* AppDelegate.swift */; };
		98668AA61E2B38360032278C /* ViewController.swift in Sources */ = {isa = PBXBuildFile; fileRef = 98668AA51E2B38360032278C /* ViewController.swift */; };
		98668AA91E2B38360032278C /* Main.storyboard in Resources */ = {isa = PBXBuildFile; fileRef = 98668AA71E2B38360032278C /* Main.storyboard */; };
		98668AAB1E2B38360032278C /* Assets.xcassets in Resources */ = {isa = PBXBuildFile; fileRef = 98668AAA1E2B38360032278C /* Assets.xcassets */; };
		98668AAE1E2B38360032278C /* LaunchScreen.storyboard in Resources */ = {isa = PBXBuildFile; fileRef = 98668AAC1E2B38360032278C /* LaunchScreen.storyboard */; };
/* End PBXBuildFile section */

/* Begin PBXFileReference section */
		98668AA01E2B38360032278C /* CatchThePokemon.app */ = {isa = PBXFileReference; explicitFileType = wrapper.application; includeInIndex = 0; path = CatchThePokemon.app; sourceTree = BUILT_PRODUCTS_DIR; };
		98668AA31E2B38360032278C /* AppDelegate.swift */ = {isa = PBXFileReference; lastKnownFileType = sourcecode.swift; path = AppDelegate.swift; sourceTree = "<group>"; };
		98668AA51E2B38360032278C /* ViewController.swift */ = {isa = PBXFileReference; lastKnownFileType = sourcecode.swift; path = ViewController.swift; sourceTree = "<group>"; };
		98668AA81E2B38360032278C /* Base */ = {isa = PBXFileReference; lastKnownFileType = file.storyboard; name = Base; path = Base.lproj/Main.storyboard; sourceTree = "<group>"; };
		98668AAA1E2B38360032278C /* Assets.xcassets */ = {isa = PBXFileReference; lastKnownFileType = folder.assetcatalog; path = Assets.xcassets; sourceTree = "<group>"; };
		98668AAD1E2B38360032278C /* Base */ = {isa = PBXFileReference; lastKnownFileType = file.storyboard; name = Base; path = Base.lproj/LaunchScreen.storyboard; sourceTree = "<group>"; };
		98668AAF1E2B38360032278C /* Info.plist */ = {isa = PBXFileReference; lastKnownFileType = text.plist.xml; path = Info.plist; sourceTree = "<group>"; };
/* End PBXFileReference section */

/* Begin PBXFrameworksBuildPhase section */
		98668A9D1E2B38350032278C /* Frameworks */ = {
			isa = PBXFrameworksBuildPhase;
			buildActionMask = 2147483647;
			files = (
			);
			runOnlyForDeploymentPostprocessing = 0;
		};
/* End PBXFrameworksBuildPhase section */

/* Begin PBXGroup section */
		98668A971E2B38350032278C = {
			isa = PBXGroup;
			children = (
				98668AA21E2B38360032278C /* CatchThePokemon */,
				98668AA11E2B38360032278C /* Products */,
			);
			sourceTree = "<group>";
		};
		98668AA11E2B38360032278C /* Products */ = {
			isa = PBXGroup;
			children = (
				98668AA01E2B38360032278C /* CatchThePokemon.app */,
			);
			name = Products;
			sourceTree = "<group>";
		};
		98668AA21E2B38360032278C /* CatchThePokemon */ = {
			isa = PBXGroup;
			children = (
				98668AA31E2B38360032278C /* AppDelegate.swift */,
				98668AA51E2B38360032278C /* ViewController.swift */,
				98668AA71E2B38360032278C /* Main.storyboard */,
				98668AAA1E2B38360032278C /* Assets.xcassets */,
				98668AAC1E2B38360032278C /* LaunchScreen.storyboard */,
				98668AAF1E2B38360032278C /* Info.plist */,
			);
			path = CatchThePokemon;
			sourceTree = "<group>";
		};
/* End PBXGroup section */

/* Begin PBXNativeTarget section */
		98668A9F1E2B38350032278C /* CatchThePokemon */ = {
			isa = PBXNativeTarget;
			buildConfigurationList = 98668AB21E2B38360032278C /* Build configuration list for PBXNativeTarget "CatchThePokemon" */;
			buildPhases = (
				98668A9C1E2B38350032278C /* Sources */,
				98668A9D1E2B38350032278C /* Frameworks */,
				98668A9E1E2B38350032278C /* Resources */,
			);
			buildRules = (
			);
			dependencies = (
			);
			name = CatchThePokemon;
			productName = CatchThePokemon;
			productReference = 98668AA01E2B38360032278C /* CatchThePokemon.app */;
			productType = "com.apple.product-type.application";
		};
/* End PBXNativeTarget section */

/* Begin PBXProject section */
		98668A981E2B38350032278C /* Project object */ = {
			isa = PBXProject;
			attributes = {
				LastSwiftUpdateCheck = 0820;
				LastUpgradeCheck = 0820;
				ORGANIZATIONNAME = "shashank kannam";
				TargetAttributes = {
					98668A9F1E2B38350032278C = {
						CreatedOnToolsVersion = 8.2.1;
						ProvisioningStyle = Automatic;
					};
				};
			};
			buildConfigurationList = 98668A9B1E2B38350032278C /* Build configuration list for PBXProject "CatchThePokemon" */;
			compatibilityVersion = "Xcode 3.2";
			developmentRegion = English;
			hasScannedForEncodings = 0;
			knownRegions = (
				en,
				Base,
			);
			mainGroup = 98668A971E2B38350032278C;
			productRefGroup = 98668AA11E2B38360032278C /* Products */;
			projectDirPath = "";
			projectRoot = "";
			targets = (
				98668A9F1E2B38350032278C /* CatchThePokemon */,
			);
		};
/* End PBXProject section */

/* Begin PBXResourcesBuildPhase section */
		98668A9E1E2B38350032278C /* Resources */ = {
			isa = PBXResourcesBuildPhase;
			buildActionMask = 2147483647;
			files = (
				98668AAE1E2B38360032278C /* LaunchScreen.storyboard in Resources */,
				98668AAB1E2B38360032278C /* Assets.xcassets in Resources */,
				98668AA91E2B38360032278C /* Main.storyboard in Resources */,
			);
			runOnlyForDeploymentPostprocessing = 0;
		};
/* End PBXResourcesBuildPhase section */

/* Begin PBXSourcesBuildPhase section */
		98668A9C1E2B38350032278C /* Sources */ = {
			isa = PBXSourcesBuildPhase;
			buildActionMask = 2147483647;
			files = (
				98668AA61E2B38360032278C /* ViewController.swift in Sources */,
				98668AA41E2B38360032278C /* AppDelegate.swift in Sources */,
			);
			runOnlyForDeploymentPostprocessing = 0;
		};
/* End PBXSourcesBuildPhase section */

/* Begin PBXVariantGroup section */
		98668AA71E2B38360032278C /* Main.storyboard */ = {
			isa = PBXVariantGroup;
			children = (
				98668AA81E2B38360032278C /* Base */,
			);
			name = Main.storyboard;
			sourceTree = "<group>";
		};
		98668AAC1E2B38360032278C /* LaunchScreen.storyboard */ = {
			isa = PBXVariantGroup;
			children = (
				98668AAD1E2B38360032278C /* Base */,
			);
			name = LaunchScreen.storyboard;
			sourceTree = "<group>";
		};
/* End PBXVariantGroup section */

/* Begin XCBuildConfiguration section */
		98668AB01E2B38360032278C /* Debug */ = {
			isa = XCBuildConfiguration;
			buildSettings = {
				ALWAYS_SEARCH_USER_PATHS = NO;
				CLANG_ANALYZER_NONNULL = YES;
				CLANG_CXX_LANGUAGE_STANDARD = "gnu++0x";
				CLANG_CXX_LIBRARY = "libc++";
				CLANG_ENABLE_MODULES = YES;
				CLANG_ENABLE_OBJC_ARC = YES;
				CLANG_WARN_BOOL_CONVERSION = YES;
				CLANG_WARN_CONSTANT_CONVERSION = YES;
				CLANG_WARN_DIRECT_OBJC_ISA_USAGE = YES_ERROR;
				CLANG_WARN_DOCUMENTATION_COMMENTS = YES;
				CLANG_WARN_EMPTY_BODY = YES;
				CLANG_WARN_ENUM_CONVERSION = YES;
				CLANG_WARN_INFINITE_RECURSION = YES;
				CLANG_WARN_INT_CONVERSION = YES;
				CLANG_WARN_OBJC_ROOT_CLASS = YES_ERROR;
				CLANG_WARN_SUSPICIOUS_MOVE = YES;
				CLANG_WARN_UNREACHABLE_CODE = YES;
				CLANG_WARN__DUPLICATE_METHOD_MATCH = YES;
				"CODE_SIGN_IDENTITY[sdk=iphoneos*]" = "iPhone Developer";
				COPY_PHASE_STRIP = NO;
				DEBUG_INFORMATION_FORMAT = dwarf;
				ENABLE_STRICT_OBJC_MSGSEND = YES;
				ENABLE_TESTABILITY = YES;
				GCC_C_LANGUAGE_STANDARD = gnu99;
				GCC_DYNAMIC_NO_PIC = NO;
				GCC_NO_COMMON_BLOCKS = YES;
				GCC_OPTIMIZATION_LEVEL = 0;
				GCC_PREPROCESSOR_DEFINITIONS = (
					"DEBUG=1",
					"$(inherited)",
				);
				GCC_WARN_64_TO_32_BIT_CONVERSION = YES;
				GCC_WARN_ABOUT_RETURN_TYPE = YES_ERROR;
				GCC_WARN_UNDECLARED_SELECTOR = YES;
				GCC_WARN_UNINITIALIZED_AUTOS = YES_AGGRESSIVE;
				GCC_WARN_UNUSED_FUNCTION = YES;
				GCC_WARN_UNUSED_VARIABLE = YES;
				IPHONEOS_DEPLOYMENT_TARGET = 10.2;
				MTL_ENABLE_DEBUG_INFO = YES;
				ONLY_ACTIVE_ARCH = YES;
				SDKROOT = iphoneos;
				SWIFT_ACTIVE_COMPILATION_CONDITIONS = DEBUG;
				SWIFT_OPTIMIZATION_LEVEL = "-Onone";
				TARGETED_DEVICE_FAMILY = "1,2";
			};
			name = Debug;
		};
		98668AB11E2B38360032278C /* Release */ = {
			isa = XCBuildConfiguration;
			buildSettings = {
				ALWAYS_SEARCH_USER_PATHS = NO;
				CLANG_ANALYZER_NONNULL = YES;
				CLANG_CXX_LANGUAGE_STANDARD = "gnu++0x";
				CLANG_CXX_LIBRARY = "libc++";
				CLANG_ENABLE_MODULES = YES;
				CLANG_ENABLE_OBJC_ARC = YES;
				CLANG_WARN_BOOL_CONVERSION = YES;
				CLANG_WARN_CONSTANT_CONVERSION = YES;
				CLANG_WARN_DIRECT_OBJC_ISA_USAGE = YES_ERROR;
				CLANG_WARN_DOCUMENTATION_COMMENTS = YES;
				CLANG_WARN_EMPTY_BODY = YES;
				CLANG_WARN_ENUM_CONVERSION = YES;
				CLANG_WARN_INFINITE_RECURSION = YES;
				CLANG_WARN_INT_CONVERSION = YES;
				CLANG_WARN_OBJC_ROOT_CLASS = YES_ERROR;
				CLANG_WARN_SUSPICIOUS_MOVE = YES;
				CLANG_WARN_UNREACHABLE_CODE = YES;
				CLANG_WARN__DUPLICATE_METHOD_MATCH = YES;
				"CODE_SIGN_IDENTITY[sdk=iphoneos*]" = "iPhone Developer";
				COPY_PHASE_STRIP = NO;
				DEBUG_INFORMATION_FORMAT = "dwarf-with-dsym";
				ENABLE_NS_ASSERTIONS = NO;
				ENABLE_STRICT_OBJC_MSGSEND = YES;
				GCC_C_LANGUAGE_STANDARD = gnu99;
				GCC_NO_COMMON_BLOCKS = YES;
				GCC_WARN_64_TO_32_BIT_CONVERSION = YES;
				GCC_WARN_ABOUT_RETURN_TYPE = YES_ERROR;
				GCC_WARN_UNDECLARED_SELECTOR = YES;
				GCC_WARN_UNINITIALIZED_AUTOS = YES_AGGRESSIVE;
				GCC_WARN_UNUSED_FUNCTION = YES;
				GCC_WARN_UNUSED_VARIABLE = YES;
				IPHONEOS_DEPLOYMENT_TARGET = 10.2;
				MTL_ENABLE_DEBUG_INFO = NO;
				SDKROOT = iphoneos;
				SWIFT_OPTIMIZATION_LEVEL = "-Owholemodule";
				TARGETED_DEVICE_FAMILY = "1,2";
				VALIDATE_PRODUCT = YES;
			};
			name = Release;
		};
		98668AB31E2B38360032278C /* Debug */ = {
			isa = XCBuildConfiguration;
			buildSettings = {
				ASSETCATALOG_COMPILER_APPICON_NAME = AppIcon;
				INFOPLIST_FILE = CatchThePokemon/Info.plist;
				LD_RUNPATH_SEARCH_PATHS = "$(inherited) @executable_path/Frameworks";
				PRODUCT_BUNDLE_IDENTIFIER = KS.CatchThePokemon;
				PRODUCT_NAME = "$(TARGET_NAME)";
				SWIFT_VERSION = 3.0;
			};
			name = Debug;
		};
		98668AB41E2B38360032278C /* Release */ = {
			isa = XCBuildConfiguration;
			buildSettings = {
				ASSETCATALOG_COMPILER_APPICON_NAME = AppIcon;
				INFOPLIST_FILE = CatchThePokemon/Info.plist;
				LD_RUNPATH_SEARCH_PATHS = "$(inherited) @executable_path/Frameworks";
				PRODUCT_BUNDLE_IDENTIFIER = KS.CatchThePokemon;
				PRODUCT_NAME = "$(TARGET_NAME)";
				SWIFT_VERSION = 3.0;
			};
			name = Release;
		};
/* End XCBuildConfiguration section */

/* Begin XCConfigurationList section */
		98668A9B1E2B38350032278C /* Build configuration list for PBXProject "CatchThePokemon" */ = {
			isa = XCConfigurationList;
			buildConfigurations = (
				98668AB01E2B38360032278C /* Debug */,
				98668AB11E2B38360032278C /* Release */,
			);
			defaultConfigurationIsVisible = 0;
			defaultConfigurationName = Release;
		};
		98668AB21E2B38360032278C /* Build configuration list for PBXNativeTarget "CatchThePokemon" */ = {
			isa = XCConfigurationList;
			buildConfigurations = (
				98668AB31E2B38360032278C /* Debug */,
				98668AB41E2B38360032278C /* Release */,
			);
			defaultConfigurationIsVisible = 0;
		};
/* End XCConfigurationList section */
	};
	rootObject = 98668A981E2B38350032278C /* Project object */;
}
