// !$*UTF8*$!
{
	archiveVersion = 1;
	classes = {
	};
	objectVersion = 46;
	objects = {

/* Begin PBXBuildFile section */
		187DC3724F92042CBB5FFEDA /* Pods_CatchThePokemon.framework in Frameworks */ = {isa = PBXBuildFile; fileRef = 94F90D00EE49C3416A6E3057 /* Pods_CatchThePokemon.framework */; };
		9865C1391E2C09690018A451 /* pokemonAnnotatiions.swift in Sources */ = {isa = PBXBuildFile; fileRef = 9865C1381E2C09690018A451 /* pokemonAnnotatiions.swift */; };
		98668AA41E2B38360032278C /* AppDelegate.swift in Sources */ = {isa = PBXBuildFile; fileRef = 98668AA31E2B38360032278C /* AppDelegate.swift */; };
		98668AA61E2B38360032278C /* ViewController.swift in Sources */ = {isa = PBXBuildFile; fileRef = 98668AA51E2B38360032278C /* ViewController.swift */; };
		98668AA91E2B38360032278C /* Main.storyboard in Resources */ = {isa = PBXBuildFile; fileRef = 98668AA71E2B38360032278C /* Main.storyboard */; };
		98668AAB1E2B38360032278C /* Assets.xcassets in Resources */ = {isa = PBXBuildFile; fileRef = 98668AAA1E2B38360032278C /* Assets.xcassets */; };
		98668AAE1E2B38360032278C /* LaunchScreen.storyboard in Resources */ = {isa = PBXBuildFile; fileRef = 98668AAC1E2B38360032278C /* LaunchScreen.storyboard */; };
		98668AB61E2B38820032278C /* GoogleService-Info.plist in Resources */ = {isa = PBXBuildFile; fileRef = 98668AB51E2B38820032278C /* GoogleService-Info.plist */; };
		98869AD31E2B3D0B0041D9AA /* GeoFire.m in Sources */ = {isa = PBXBuildFile; fileRef = 98869ACA1E2B3D0B0041D9AA /* GeoFire.m */; };
		98869AD41E2B3D0B0041D9AA /* GFBase32Utils.m in Sources */ = {isa = PBXBuildFile; fileRef = 98869ACC1E2B3D0B0041D9AA /* GFBase32Utils.m */; };
		98869AD51E2B3D0B0041D9AA /* GFGeoHash.m in Sources */ = {isa = PBXBuildFile; fileRef = 98869ACE1E2B3D0B0041D9AA /* GFGeoHash.m */; };
		98869AD61E2B3D0B0041D9AA /* GFGeoHashQuery.m in Sources */ = {isa = PBXBuildFile; fileRef = 98869AD01E2B3D0B0041D9AA /* GFGeoHashQuery.m */; };
		98869AD71E2B3D0B0041D9AA /* GFQuery.m in Sources */ = {isa = PBXBuildFile; fileRef = 98869AD21E2B3D0B0041D9AA /* GFQuery.m */; };
/* End PBXBuildFile section */

/* Begin PBXFileReference section */
		265D25E7A0913FB140D4B3CB /* Pods-CatchThePokemon.release.xcconfig */ = {isa = PBXFileReference; includeInIndex = 1; lastKnownFileType = text.xcconfig; name = "Pods-CatchThePokemon.release.xcconfig"; path = "Pods/Target Support Files/Pods-CatchThePokemon/Pods-CatchThePokemon.release.xcconfig"; sourceTree = "<group>"; };
		5C10B60433ED564F1375F2DB /* Pods-CatchThePokemon.debug.xcconfig */ = {isa = PBXFileReference; includeInIndex = 1; lastKnownFileType = text.xcconfig; name = "Pods-CatchThePokemon.debug.xcconfig"; path = "Pods/Target Support Files/Pods-CatchThePokemon/Pods-CatchThePokemon.debug.xcconfig"; sourceTree = "<group>"; };
		94F90D00EE49C3416A6E3057 /* Pods_CatchThePokemon.framework */ = {isa = PBXFileReference; explicitFileType = wrapper.framework; includeInIndex = 0; path = Pods_CatchThePokemon.framework; sourceTree = BUILT_PRODUCTS_DIR; };
		98258EE81E2B3E140072036B /* CatchThePokemon-Bridging-Header.h */ = {isa = PBXFileReference; fileEncoding = 4; lastKnownFileType = sourcecode.c.h; path = "CatchThePokemon-Bridging-Header.h"; sourceTree = "<group>"; };
		9865C1381E2C09690018A451 /* pokemonAnnotatiions.swift */ = {isa = PBXFileReference; fileEncoding = 4; lastKnownFileType = sourcecode.swift; path = pokemonAnnotatiions.swift; sourceTree = "<group>"; };
		98668AA01E2B38360032278C /* CatchThePokemon.app */ = {isa = PBXFileReference; explicitFileType = wrapper.application; includeInIndex = 0; path = CatchThePokemon.app; sourceTree = BUILT_PRODUCTS_DIR; };
		98668AA31E2B38360032278C /* AppDelegate.swift */ = {isa = PBXFileReference; lastKnownFileType = sourcecode.swift; path = AppDelegate.swift; sourceTree = "<group>"; };
		98668AA51E2B38360032278C /* ViewController.swift */ = {isa = PBXFileReference; lastKnownFileType = sourcecode.swift; path = ViewController.swift; sourceTree = "<group>"; };
		98668AA81E2B38360032278C /* Base */ = {isa = PBXFileReference; lastKnownFileType = file.storyboard; name = Base; path = Base.lproj/Main.storyboard; sourceTree = "<group>"; };
		98668AAA1E2B38360032278C /* Assets.xcassets */ = {isa = PBXFileReference; lastKnownFileType = folder.assetcatalog; path = Assets.xcassets; sourceTree = "<group>"; };
		98668AAD1E2B38360032278C /* Base */ = {isa = PBXFileReference; lastKnownFileType = file.storyboard; name = Base; path = Base.lproj/LaunchScreen.storyboard; sourceTree = "<group>"; };
		98668AAF1E2B38360032278C /* Info.plist */ = {isa = PBXFileReference; lastKnownFileType = text.plist.xml; path = Info.plist; sourceTree = "<group>"; };
		98668AB51E2B38820032278C /* GoogleService-Info.plist */ = {isa = PBXFileReference; fileEncoding = 4; lastKnownFileType = text.plist.xml; path = "GoogleService-Info.plist"; sourceTree = "<group>"; };
		98869AC31E2B3D0B0041D9AA /* GeoFire.h */ = {isa = PBXFileReference; fileEncoding = 4; lastKnownFileType = sourcecode.c.h; path = GeoFire.h; sourceTree = "<group>"; };
		98869AC41E2B3D0B0041D9AA /* GFCircleQuery.h */ = {isa = PBXFileReference; fileEncoding = 4; lastKnownFileType = sourcecode.c.h; path = GFCircleQuery.h; sourceTree = "<group>"; };
		98869AC51E2B3D0B0041D9AA /* GFQuery.h */ = {isa = PBXFileReference; fileEncoding = 4; lastKnownFileType = sourcecode.c.h; path = GFQuery.h; sourceTree = "<group>"; };
		98869AC61E2B3D0B0041D9AA /* GFRegionQuery.h */ = {isa = PBXFileReference; fileEncoding = 4; lastKnownFileType = sourcecode.c.h; path = GFRegionQuery.h; sourceTree = "<group>"; };
		98869AC71E2B3D0B0041D9AA /* GeoFire-Prefix.pch */ = {isa = PBXFileReference; fileEncoding = 4; lastKnownFileType = sourcecode.c.h; path = "GeoFire-Prefix.pch"; sourceTree = "<group>"; };
		98869AC91E2B3D0B0041D9AA /* GeoFire+Private.h */ = {isa = PBXFileReference; fileEncoding = 4; lastKnownFileType = sourcecode.c.h; path = "GeoFire+Private.h"; sourceTree = "<group>"; };
		98869ACA1E2B3D0B0041D9AA /* GeoFire.m */ = {isa = PBXFileReference; fileEncoding = 4; lastKnownFileType = sourcecode.c.objc; path = GeoFire.m; sourceTree = "<group>"; };
		98869ACB1E2B3D0B0041D9AA /* GFBase32Utils.h */ = {isa = PBXFileReference; fileEncoding = 4; lastKnownFileType = sourcecode.c.h; path = GFBase32Utils.h; sourceTree = "<group>"; };
		98869ACC1E2B3D0B0041D9AA /* GFBase32Utils.m */ = {isa = PBXFileReference; fileEncoding = 4; lastKnownFileType = sourcecode.c.objc; path = GFBase32Utils.m; sourceTree = "<group>"; };
		98869ACD1E2B3D0B0041D9AA /* GFGeoHash.h */ = {isa = PBXFileReference; fileEncoding = 4; lastKnownFileType = sourcecode.c.h; path = GFGeoHash.h; sourceTree = "<group>"; };
		98869ACE1E2B3D0B0041D9AA /* GFGeoHash.m */ = {isa = PBXFileReference; fileEncoding = 4; lastKnownFileType = sourcecode.c.objc; path = GFGeoHash.m; sourceTree = "<group>"; };
		98869ACF1E2B3D0B0041D9AA /* GFGeoHashQuery.h */ = {isa = PBXFileReference; fileEncoding = 4; lastKnownFileType = sourcecode.c.h; path = GFGeoHashQuery.h; sourceTree = "<group>"; };
		98869AD01E2B3D0B0041D9AA /* GFGeoHashQuery.m */ = {isa = PBXFileReference; fileEncoding = 4; lastKnownFileType = sourcecode.c.objc; path = GFGeoHashQuery.m; sourceTree = "<group>"; };
		98869AD11E2B3D0B0041D9AA /* GFQuery+Private.h */ = {isa = PBXFileReference; fileEncoding = 4; lastKnownFileType = sourcecode.c.h; path = "GFQuery+Private.h"; sourceTree = "<group>"; };
		98869AD21E2B3D0B0041D9AA /* GFQuery.m */ = {isa = PBXFileReference; fileEncoding = 4; lastKnownFileType = sourcecode.c.objc; path = GFQuery.m; sourceTree = "<group>"; };
/* End PBXFileReference section */

/* Begin PBXFrameworksBuildPhase section */
		98668A9D1E2B38350032278C /* Frameworks */ = {
			isa = PBXFrameworksBuildPhase;
			buildActionMask = 2147483647;
			files = (
				187DC3724F92042CBB5FFEDA /* Pods_CatchThePokemon.framework in Frameworks */,
			);
			runOnlyForDeploymentPostprocessing = 0;
		};
/* End PBXFrameworksBuildPhase section */

/* Begin PBXGroup section */
		756DDAAD98016545D05AB540 /* Pods */ = {
			isa = PBXGroup;
			children = (
				5C10B60433ED564F1375F2DB /* Pods-CatchThePokemon.debug.xcconfig */,
				265D25E7A0913FB140D4B3CB /* Pods-CatchThePokemon.release.xcconfig */,
			);
			name = Pods;
			sourceTree = "<group>";
		};
		9865C1351E2C09390018A451 /* Model */ = {
			isa = PBXGroup;
			children = (
				9865C1381E2C09690018A451 /* pokemonAnnotatiions.swift */,
			);
			name = Model;
			sourceTree = "<group>";
		};
		9865C1361E2C09440018A451 /* View */ = {
			isa = PBXGroup;
			children = (
			);
			name = View;
			sourceTree = "<group>";
		};
		9865C1371E2C094B0018A451 /* controller */ = {
			isa = PBXGroup;
			children = (
			);
			name = controller;
			sourceTree = "<group>";
		};
		98668A971E2B38350032278C = {
			isa = PBXGroup;
			children = (
				98668AA21E2B38360032278C /* CatchThePokemon */,
				98668AA11E2B38360032278C /* Products */,
				756DDAAD98016545D05AB540 /* Pods */,
				FD4E8B18ECCA600B8D114C6E /* Frameworks */,
			);
			sourceTree = "<group>";
		};
		98668AA11E2B38360032278C /* Products */ = {
			isa = PBXGroup;
			children = (
				98668AA01E2B38360032278C /* CatchThePokemon.app */,
			);
			name = Products;
			sourceTree = "<group>";
		};
		98668AA21E2B38360032278C /* CatchThePokemon */ = {
			isa = PBXGroup;
			children = (
				9865C1371E2C094B0018A451 /* controller */,
				9865C1361E2C09440018A451 /* View */,
				9865C1351E2C09390018A451 /* Model */,
				98869AC11E2B3D0B0041D9AA /* GeoFire */,
				98668AB51E2B38820032278C /* GoogleService-Info.plist */,
				98668AA31E2B38360032278C /* AppDelegate.swift */,
				98668AA51E2B38360032278C /* ViewController.swift */,
				98668AA71E2B38360032278C /* Main.storyboard */,
				98668AAA1E2B38360032278C /* Assets.xcassets */,
				98668AAC1E2B38360032278C /* LaunchScreen.storyboard */,
				98668AAF1E2B38360032278C /* Info.plist */,
				98258EE81E2B3E140072036B /* CatchThePokemon-Bridging-Header.h */,
			);
			path = CatchThePokemon;
			sourceTree = "<group>";
		};
		98869AC11E2B3D0B0041D9AA /* GeoFire */ = {
			isa = PBXGroup;
			children = (
				98869AC21E2B3D0B0041D9AA /* API */,
				98869AC71E2B3D0B0041D9AA /* GeoFire-Prefix.pch */,
				98869AC81E2B3D0B0041D9AA /* Implementation */,
			);
			name = GeoFire;
			path = ../GeoFire;
			sourceTree = "<group>";
		};
		98869AC21E2B3D0B0041D9AA /* API */ = {
			isa = PBXGroup;
			children = (
				98869AC31E2B3D0B0041D9AA /* GeoFire.h */,
				98869AC41E2B3D0B0041D9AA /* GFCircleQuery.h */,
				98869AC51E2B3D0B0041D9AA /* GFQuery.h */,
				98869AC61E2B3D0B0041D9AA /* GFRegionQuery.h */,
			);
			path = API;
			sourceTree = "<group>";
		};
		98869AC81E2B3D0B0041D9AA /* Implementation */ = {
			isa = PBXGroup;
			children = (
				98869AC91E2B3D0B0041D9AA /* GeoFire+Private.h */,
				98869ACA1E2B3D0B0041D9AA /* GeoFire.m */,
				98869ACB1E2B3D0B0041D9AA /* GFBase32Utils.h */,
				98869ACC1E2B3D0B0041D9AA /* GFBase32Utils.m */,
				98869ACD1E2B3D0B0041D9AA /* GFGeoHash.h */,
				98869ACE1E2B3D0B0041D9AA /* GFGeoHash.m */,
				98869ACF1E2B3D0B0041D9AA /* GFGeoHashQuery.h */,
				98869AD01E2B3D0B0041D9AA /* GFGeoHashQuery.m */,
				98869AD11E2B3D0B0041D9AA /* GFQuery+Private.h */,
				98869AD21E2B3D0B0041D9AA /* GFQuery.m */,
			);
			path = Implementation;
			sourceTree = "<group>";
		};
		FD4E8B18ECCA600B8D114C6E /* Frameworks */ = {
			isa = PBXGroup;
			children = (
				94F90D00EE49C3416A6E3057 /* Pods_CatchThePokemon.framework */,
			);
			name = Frameworks;
			sourceTree = "<group>";
		};
/* End PBXGroup section */

/* Begin PBXNativeTarget section */
		98668A9F1E2B38350032278C /* CatchThePokemon */ = {
			isa = PBXNativeTarget;
			buildConfigurationList = 98668AB21E2B38360032278C /* Build configuration list for PBXNativeTarget "CatchThePokemon" */;
			buildPhases = (
				83CEECDA02F7B0C200E9A0B3 /* [CP] Check Pods Manifest.lock */,
				98668A9C1E2B38350032278C /* Sources */,
				98668A9D1E2B38350032278C /* Frameworks */,
				98668A9E1E2B38350032278C /* Resources */,
				ED8F9E4881E700A8FC74547C /* [CP] Embed Pods Frameworks */,
				D58CF5258E62558C4A9EA615 /* [CP] Copy Pods Resources */,
			);
			buildRules = (
			);
			dependencies = (
			);
			name = CatchThePokemon;
			productName = CatchThePokemon;
			productReference = 98668AA01E2B38360032278C /* CatchThePokemon.app */;
			productType = "com.apple.product-type.application";
		};
/* End PBXNativeTarget section */

/* Begin PBXProject section */
		98668A981E2B38350032278C /* Project object */ = {
			isa = PBXProject;
			attributes = {
				LastSwiftUpdateCheck = 0820;
				LastUpgradeCheck = 0820;
				ORGANIZATIONNAME = "shashank kannam";
				TargetAttributes = {
					98668A9F1E2B38350032278C = {
						CreatedOnToolsVersion = 8.2.1;
						ProvisioningStyle = Automatic;
					};
				};
			};
			buildConfigurationList = 98668A9B1E2B38350032278C /* Build configuration list for PBXProject "CatchThePokemon" */;
			compatibilityVersion = "Xcode 3.2";
			developmentRegion = English;
			hasScannedForEncodings = 0;
			knownRegions = (
				en,
				Base,
			);
			mainGroup = 98668A971E2B38350032278C;
			productRefGroup = 98668AA11E2B38360032278C /* Products */;
			projectDirPath = "";
			projectRoot = "";
			targets = (
				98668A9F1E2B38350032278C /* CatchThePokemon */,
			);
		};
/* End PBXProject section */

/* Begin PBXResourcesBuildPhase section */
		98668A9E1E2B38350032278C /* Resources */ = {
			isa = PBXResourcesBuildPhase;
			buildActionMask = 2147483647;
			files = (
				98668AAE1E2B38360032278C /* LaunchScreen.storyboard in Resources */,
				98668AB61E2B38820032278C /* GoogleService-Info.plist in Resources */,
				98668AAB1E2B38360032278C /* Assets.xcassets in Resources */,
				98668AA91E2B38360032278C /* Main.storyboard in Resources */,
			);
			runOnlyForDeploymentPostprocessing = 0;
		};
/* End PBXResourcesBuildPhase section */

/* Begin PBXShellScriptBuildPhase section */
		83CEECDA02F7B0C200E9A0B3 /* [CP] Check Pods Manifest.lock */ = {
			isa = PBXShellScriptBuildPhase;
			buildActionMask = 2147483647;
			files = (
			);
			inputPaths = (
			);
			name = "[CP] Check Pods Manifest.lock";
			outputPaths = (
			);
			runOnlyForDeploymentPostprocessing = 0;
			shellPath = /bin/sh;
			shellScript = "diff \"${PODS_ROOT}/../Podfile.lock\" \"${PODS_ROOT}/Manifest.lock\" > /dev/null\nif [ $? != 0 ] ; then\n    # print error to STDERR\n    echo \"error: The sandbox is not in sync with the Podfile.lock. Run 'pod install' or update your CocoaPods installation.\" >&2\n    exit 1\nfi\n";
			showEnvVarsInLog = 0;
		};
		D58CF5258E62558C4A9EA615 /* [CP] Copy Pods Resources */ = {
			isa = PBXShellScriptBuildPhase;
			buildActionMask = 2147483647;
			files = (
			);
			inputPaths = (
			);
			name = "[CP] Copy Pods Resources";
			outputPaths = (
			);
			runOnlyForDeploymentPostprocessing = 0;
			shellPath = /bin/sh;
			shellScript = "\"${SRCROOT}/Pods/Target Support Files/Pods-CatchThePokemon/Pods-CatchThePokemon-resources.sh\"\n";
			showEnvVarsInLog = 0;
		};
		ED8F9E4881E700A8FC74547C /* [CP] Embed Pods Frameworks */ = {
			isa = PBXShellScriptBuildPhase;
			buildActionMask = 2147483647;
			files = (
			);
			inputPaths = (
			);
			name = "[CP] Embed Pods Frameworks";
			outputPaths = (
			);
			runOnlyForDeploymentPostprocessing = 0;
			shellPath = /bin/sh;
			shellScript = "\"${SRCROOT}/Pods/Target Support Files/Pods-CatchThePokemon/Pods-CatchThePokemon-frameworks.sh\"\n";
			showEnvVarsInLog = 0;
		};
/* End PBXShellScriptBuildPhase section */

/* Begin PBXSourcesBuildPhase section */
		98668A9C1E2B38350032278C /* Sources */ = {
			isa = PBXSourcesBuildPhase;
			buildActionMask = 2147483647;
			files = (
				98869AD41E2B3D0B0041D9AA /* GFBase32Utils.m in Sources */,
				98668AA61E2B38360032278C /* ViewController.swift in Sources */,
				98869AD51E2B3D0B0041D9AA /* GFGeoHash.m in Sources */,
				98668AA41E2B38360032278C /* AppDelegate.swift in Sources */,
				9865C1391E2C09690018A451 /* pokemonAnnotatiions.swift in Sources */,
				98869AD31E2B3D0B0041D9AA /* GeoFire.m in Sources */,
				98869AD61E2B3D0B0041D9AA /* GFGeoHashQuery.m in Sources */,
				98869AD71E2B3D0B0041D9AA /* GFQuery.m in Sources */,
			);
			runOnlyForDeploymentPostprocessing = 0;
		};
/* End PBXSourcesBuildPhase section */

/* Begin PBXVariantGroup section */
		98668AA71E2B38360032278C /* Main.storyboard */ = {
			isa = PBXVariantGroup;
			children = (
				98668AA81E2B38360032278C /* Base */,
			);
			name = Main.storyboard;
			sourceTree = "<group>";
		};
		98668AAC1E2B38360032278C /* LaunchScreen.storyboard */ = {
			isa = PBXVariantGroup;
			children = (
				98668AAD1E2B38360032278C /* Base */,
			);
			name = LaunchScreen.storyboard;
			sourceTree = "<group>";
		};
/* End PBXVariantGroup section */

/* Begin XCBuildConfiguration section */
		98668AB01E2B38360032278C /* Debug */ = {
			isa = XCBuildConfiguration;
			buildSettings = {
				ALWAYS_SEARCH_USER_PATHS = NO;
				CLANG_ANALYZER_NONNULL = YES;
				CLANG_CXX_LANGUAGE_STANDARD = "gnu++0x";
				CLANG_CXX_LIBRARY = "libc++";
				CLANG_ENABLE_MODULES = YES;
				CLANG_ENABLE_OBJC_ARC = YES;
				CLANG_WARN_BOOL_CONVERSION = YES;
				CLANG_WARN_CONSTANT_CONVERSION = YES;
				CLANG_WARN_DIRECT_OBJC_ISA_USAGE = YES_ERROR;
				CLANG_WARN_DOCUMENTATION_COMMENTS = YES;
				CLANG_WARN_EMPTY_BODY = YES;
				CLANG_WARN_ENUM_CONVERSION = YES;
				CLANG_WARN_INFINITE_RECURSION = YES;
				CLANG_WARN_INT_CONVERSION = YES;
				CLANG_WARN_OBJC_ROOT_CLASS = YES_ERROR;
				CLANG_WARN_SUSPICIOUS_MOVE = YES;
				CLANG_WARN_UNREACHABLE_CODE = YES;
				CLANG_WARN__DUPLICATE_METHOD_MATCH = YES;
				"CODE_SIGN_IDENTITY[sdk=iphoneos*]" = "iPhone Developer";
				COPY_PHASE_STRIP = NO;
				DEBUG_INFORMATION_FORMAT = dwarf;
				ENABLE_STRICT_OBJC_MSGSEND = YES;
				ENABLE_TESTABILITY = YES;
				GCC_C_LANGUAGE_STANDARD = gnu99;
				GCC_DYNAMIC_NO_PIC = NO;
				GCC_NO_COMMON_BLOCKS = YES;
				GCC_OPTIMIZATION_LEVEL = 0;
				GCC_PREPROCESSOR_DEFINITIONS = (
					"DEBUG=1",
					"$(inherited)",
				);
				GCC_WARN_64_TO_32_BIT_CONVERSION = YES;
				GCC_WARN_ABOUT_RETURN_TYPE = YES_ERROR;
				GCC_WARN_UNDECLARED_SELECTOR = YES;
				GCC_WARN_UNINITIALIZED_AUTOS = YES_AGGRESSIVE;
				GCC_WARN_UNUSED_FUNCTION = YES;
				GCC_WARN_UNUSED_VARIABLE = YES;
				IPHONEOS_DEPLOYMENT_TARGET = 10.2;
				MTL_ENABLE_DEBUG_INFO = YES;
				ONLY_ACTIVE_ARCH = YES;
				SDKROOT = iphoneos;
				SWIFT_ACTIVE_COMPILATION_CONDITIONS = DEBUG;
				SWIFT_OPTIMIZATION_LEVEL = "-Onone";
				TARGETED_DEVICE_FAMILY = "1,2";
			};
			name = Debug;
		};
		98668AB11E2B38360032278C /* Release */ = {
			isa = XCBuildConfiguration;
			buildSettings = {
				ALWAYS_SEARCH_USER_PATHS = NO;
				CLANG_ANALYZER_NONNULL = YES;
				CLANG_CXX_LANGUAGE_STANDARD = "gnu++0x";
				CLANG_CXX_LIBRARY = "libc++";
				CLANG_ENABLE_MODULES = YES;
				CLANG_ENABLE_OBJC_ARC = YES;
				CLANG_WARN_BOOL_CONVERSION = YES;
				CLANG_WARN_CONSTANT_CONVERSION = YES;
				CLANG_WARN_DIRECT_OBJC_ISA_USAGE = YES_ERROR;
				CLANG_WARN_DOCUMENTATION_COMMENTS = YES;
				CLANG_WARN_EMPTY_BODY = YES;
				CLANG_WARN_ENUM_CONVERSION = YES;
				CLANG_WARN_INFINITE_RECURSION = YES;
				CLANG_WARN_INT_CONVERSION = YES;
				CLANG_WARN_OBJC_ROOT_CLASS = YES_ERROR;
				CLANG_WARN_SUSPICIOUS_MOVE = YES;
				CLANG_WARN_UNREACHABLE_CODE = YES;
				CLANG_WARN__DUPLICATE_METHOD_MATCH = YES;
				"CODE_SIGN_IDENTITY[sdk=iphoneos*]" = "iPhone Developer";
				COPY_PHASE_STRIP = NO;
				DEBUG_INFORMATION_FORMAT = "dwarf-with-dsym";
				ENABLE_NS_ASSERTIONS = NO;
				ENABLE_STRICT_OBJC_MSGSEND = YES;
				GCC_C_LANGUAGE_STANDARD = gnu99;
				GCC_NO_COMMON_BLOCKS = YES;
				GCC_WARN_64_TO_32_BIT_CONVERSION = YES;
				GCC_WARN_ABOUT_RETURN_TYPE = YES_ERROR;
				GCC_WARN_UNDECLARED_SELECTOR = YES;
				GCC_WARN_UNINITIALIZED_AUTOS = YES_AGGRESSIVE;
				GCC_WARN_UNUSED_FUNCTION = YES;
				GCC_WARN_UNUSED_VARIABLE = YES;
				IPHONEOS_DEPLOYMENT_TARGET = 10.2;
				MTL_ENABLE_DEBUG_INFO = NO;
				SDKROOT = iphoneos;
				SWIFT_OPTIMIZATION_LEVEL = "-Owholemodule";
				TARGETED_DEVICE_FAMILY = "1,2";
				VALIDATE_PRODUCT = YES;
			};
			name = Release;
		};
		98668AB31E2B38360032278C /* Debug */ = {
			isa = XCBuildConfiguration;
			baseConfigurationReference = 5C10B60433ED564F1375F2DB /* Pods-CatchThePokemon.debug.xcconfig */;
			buildSettings = {
				ASSETCATALOG_COMPILER_APPICON_NAME = AppIcon;
				INFOPLIST_FILE = CatchThePokemon/Info.plist;
				LD_RUNPATH_SEARCH_PATHS = "$(inherited) @executable_path/Frameworks";
				PRODUCT_BUNDLE_IDENTIFIER = KS.CatchThePokemon;
				PRODUCT_NAME = "$(TARGET_NAME)";
				SWIFT_OBJC_BRIDGING_HEADER = "CatchThePokemon/CatchThePokemon-Bridging-Header.h";
				SWIFT_VERSION = 3.0;
			};
			name = Debug;
		};
		98668AB41E2B38360032278C /* Release */ = {
			isa = XCBuildConfiguration;
			baseConfigurationReference = 265D25E7A0913FB140D4B3CB /* Pods-CatchThePokemon.release.xcconfig */;
			buildSettings = {
				ASSETCATALOG_COMPILER_APPICON_NAME = AppIcon;
				INFOPLIST_FILE = CatchThePokemon/Info.plist;
				LD_RUNPATH_SEARCH_PATHS = "$(inherited) @executable_path/Frameworks";
				PRODUCT_BUNDLE_IDENTIFIER = KS.CatchThePokemon;
				PRODUCT_NAME = "$(TARGET_NAME)";
				SWIFT_OBJC_BRIDGING_HEADER = "CatchThePokemon/CatchThePokemon-Bridging-Header.h";
				SWIFT_VERSION = 3.0;
			};
			name = Release;
		};
/* End XCBuildConfiguration section */

/* Begin XCConfigurationList section */
		98668A9B1E2B38350032278C /* Build configuration list for PBXProject "CatchThePokemon" */ = {
			isa = XCConfigurationList;
			buildConfigurations = (
				98668AB01E2B38360032278C /* Debug */,
				98668AB11E2B38360032278C /* Release */,
			);
			defaultConfigurationIsVisible = 0;
			defaultConfigurationName = Release;
		};
		98668AB21E2B38360032278C /* Build configuration list for PBXNativeTarget "CatchThePokemon" */ = {
			isa = XCConfigurationList;
			buildConfigurations = (
				98668AB31E2B38360032278C /* Debug */,
				98668AB41E2B38360032278C /* Release */,
			);
			defaultConfigurationIsVisible = 0;
			defaultConfigurationName = Release;
		};
/* End XCConfigurationList section */
	};
	rootObject = 98668A981E2B38350032278C /* Project object */;
}
